
Microsoft Visual Studio Solution File, Format Version 12.00
# Visual Studio Version 16
VisualStudioVersion = 16.0.30104.148
MinimumVisualStudioVersion = 10.0.40219.1
Project("{F2A71F9B-5D33-465A-A702-920D77279786}") = "AlgEff", "AlgEff\AlgEff.fsproj", "{471E454A-8AE5-48B5-A731-3D48C274F0FF}"
EndProject
Global
	GlobalSection(SolutionConfigurationPlatforms) = preSolution
		Debug|Any CPU = Debug|Any CPU
		Release|Any CPU = Release|Any CPU
	EndGlobalSection
	GlobalSection(ProjectConfigurationPlatforms) = postSolution
		{471E454A-8AE5-48B5-A731-3D48C274F0FF}.Debug|Any CPU.ActiveCfg = Debug|Any CPU
		{471E454A-8AE5-48B5-A731-3D48C274F0FF}.Debug|Any CPU.Build.0 = Debug|Any CPU
		{471E454A-8AE5-48B5-A731-3D48C274F0FF}.Release|Any CPU.ActiveCfg = Release|Any CPU
		{471E454A-8AE5-48B5-A731-3D48C274F0FF}.Release|Any CPU.Build.0 = Release|Any CPU
	EndGlobalSection
	GlobalSection(SolutionProperties) = preSolution
		HideSolutionNode = FALSE
	EndGlobalSection
	GlobalSection(ExtensibilityGlobals) = postSolution
		SolutionGuid = {E181BEE7-668D-4F1A-8885-525CDA318A73}
	EndGlobalSection
EndGlobal
